
Microsoft Visual Studio Solution File, Format Version 12.00
# Visual Studio Version 16
VisualStudioVersion = 16.0.29609.76
MinimumVisualStudioVersion = 10.0.40219.1
Project("{8BC9CEB8-8B4A-11D0-8D11-00A0C91BC942}") = "Exc1", "Exc1\Exc1.vcxproj", "{39908F51-B96D-4BD8-B9D4-67A7B51D528B}"
EndProject
Project("{8BC9CEB8-8B4A-11D0-8D11-00A0C91BC942}") = "Exc2", "Exc2\Exc2.vcxproj", "{7240540D-832E-4123-9615-F40321014F7E}"
EndProject
Global
	GlobalSection(SolutionConfigurationPlatforms) = preSolution
		Debug|x64 = Debug|x64
		Debug|x86 = Debug|x86
		Release|x64 = Release|x64
		Release|x86 = Release|x86
	EndGlobalSection
	GlobalSection(ProjectConfigurationPlatforms) = postSolution
		{39908F51-B96D-4BD8-B9D4-67A7B51D528B}.Debug|x64.ActiveCfg = Debug|x64
		{39908F51-B96D-4BD8-B9D4-67A7B51D528B}.Debug|x64.Build.0 = Debug|x64
		{39908F51-B96D-4BD8-B9D4-67A7B51D528B}.Debug|x86.ActiveCfg = Debug|Win32
		{39908F51-B96D-4BD8-B9D4-67A7B51D528B}.Debug|x86.Build.0 = Debug|Win32
		{39908F51-B96D-4BD8-B9D4-67A7B51D528B}.Release|x64.ActiveCfg = Release|x64
		{39908F51-B96D-4BD8-B9D4-67A7B51D528B}.Release|x64.Build.0 = Release|x64
		{39908F51-B96D-4BD8-B9D4-67A7B51D528B}.Release|x86.ActiveCfg = Release|Win32
		{39908F51-B96D-4BD8-B9D4-67A7B51D528B}.Release|x86.Build.0 = Release|Win32
		{7240540D-832E-4123-9615-F40321014F7E}.Debug|x64.ActiveCfg = Debug|x64
		{7240540D-832E-4123-9615-F40321014F7E}.Debug|x64.Build.0 = Debug|x64
		{7240540D-832E-4123-9615-F40321014F7E}.Debug|x86.ActiveCfg = Debug|Win32
		{7240540D-832E-4123-9615-F40321014F7E}.Debug|x86.Build.0 = Debug|Win32
		{7240540D-832E-4123-9615-F40321014F7E}.Release|x64.ActiveCfg = Release|x64
		{7240540D-832E-4123-9615-F40321014F7E}.Release|x64.Build.0 = Release|x64
		{7240540D-832E-4123-9615-F40321014F7E}.Release|x86.ActiveCfg = Release|Win32
		{7240540D-832E-4123-9615-F40321014F7E}.Release|x86.Build.0 = Release|Win32
	EndGlobalSection
	GlobalSection(SolutionProperties) = preSolution
		HideSolutionNode = FALSE
	EndGlobalSection
	GlobalSection(ExtensibilityGlobals) = postSolution
		SolutionGuid = {CC4C0D39-9E55-4893-86FB-01B9624C42A5}
	EndGlobalSection
EndGlobal
